
Microsoft Visual Studio Solution File, Format Version 12.00
# Visual Studio 15
VisualStudioVersion = 15.0.27703.2000
MinimumVisualStudioVersion = 10.0.40219.1
Project("{FAE04EC0-301F-11D3-BF4B-00C04F79EFBC}") = "NumberGuesser", "NumberGuesser\NumberGuesser.csproj", "{961D4D9C-0E29-4039-8B46-68603D82DC34}"
EndProject
Global
	GlobalSection(SolutionConfigurationPlatforms) = preSolution
		Debug|Any CPU = Debug|Any CPU
		Release|Any CPU = Release|Any CPU
	EndGlobalSection
	GlobalSection(ProjectConfigurationPlatforms) = postSolution
		{961D4D9C-0E29-4039-8B46-68603D82DC34}.Debug|Any CPU.ActiveCfg = Debug|Any CPU
		{961D4D9C-0E29-4039-8B46-68603D82DC34}.Debug|Any CPU.Build.0 = Debug|Any CPU
		{961D4D9C-0E29-4039-8B46-68603D82DC34}.Release|Any CPU.ActiveCfg = Release|Any CPU
		{961D4D9C-0E29-4039-8B46-68603D82DC34}.Release|Any CPU.Build.0 = Release|Any CPU
	EndGlobalSection
	GlobalSection(SolutionProperties) = preSolution
		HideSolutionNode = FALSE
	EndGlobalSection
	GlobalSection(ExtensibilityGlobals) = postSolution
		SolutionGuid = {1EB9FCC7-58DD-4D75-A0B8-D6D8300DBF50}
	EndGlobalSection
EndGlobal
